{
  "lockfileVersion": 1,
  "workspaces": {
    "": {
      "dependencies": {
        "@google/generative-ai": "^0.24.0",
      },
    },
  },
  "packages": {
    "@google/generative-ai": ["@google/generative-ai@0.24.0", "", {}, "sha512-fnEITCGEB7NdX0BhoYZ/cq/7WPZ1QS5IzJJfC3Tg/OwkvBetMiVJciyaan297OvE4B9Jg1xvo0zIazX/9sGu1Q=="],
  }
}
